{
  "requires": true,
  "lockfileVersion": 1,
  "dependencies": {
    "sweetalert2": {
      "version": "11.3.4",
      "resolved": "https://registry.npmjs.org/sweetalert2/-/sweetalert2-11.3.4.tgz",
      "integrity": "sha512-o7owEtVtpqnB8y3BDCRn2taYb7URcf6RIUm120LjFxt8IHfPIm0UeHuiS3nEp5r9RKm5GlSSJOh/yuapUQcYcQ=="
    }
  }
}
